
Microsoft Visual Studio Solution File, Format Version 12.00
# Visual Studio 15
VisualStudioVersion = 15.0.28307.1022
MinimumVisualStudioVersion = 10.0.40219.1
Project("{8BC9CEB8-8B4A-11D0-8D11-00A0C91BC942}") = "GrpcAsyncServer", "GrpcAsyncServer\GrpcAsyncServer.vcxproj", "{48D12447-8A20-42BE-8CEA-B50816EA8A53}"
EndProject
Global
	GlobalSection(SolutionConfigurationPlatforms) = preSolution
		Debug|x64 = Debug|x64
		Debug|x86 = Debug|x86
		Release|x64 = Release|x64
		Release|x86 = Release|x86
	EndGlobalSection
	GlobalSection(ProjectConfigurationPlatforms) = postSolution
		{48D12447-8A20-42BE-8CEA-B50816EA8A53}.Debug|x64.ActiveCfg = Debug|x64
		{48D12447-8A20-42BE-8CEA-B50816EA8A53}.Debug|x64.Build.0 = Debug|x64
		{48D12447-8A20-42BE-8CEA-B50816EA8A53}.Debug|x86.ActiveCfg = Debug|Win32
		{48D12447-8A20-42BE-8CEA-B50816EA8A53}.Debug|x86.Build.0 = Debug|Win32
		{48D12447-8A20-42BE-8CEA-B50816EA8A53}.Release|x64.ActiveCfg = Release|x64
		{48D12447-8A20-42BE-8CEA-B50816EA8A53}.Release|x64.Build.0 = Release|x64
		{48D12447-8A20-42BE-8CEA-B50816EA8A53}.Release|x86.ActiveCfg = Release|Win32
		{48D12447-8A20-42BE-8CEA-B50816EA8A53}.Release|x86.Build.0 = Release|Win32
	EndGlobalSection
	GlobalSection(SolutionProperties) = preSolution
		HideSolutionNode = FALSE
	EndGlobalSection
	GlobalSection(ExtensibilityGlobals) = postSolution
		SolutionGuid = {E30CC578-3D0B-4E71-8136-125628685389}
	EndGlobalSection
EndGlobal
